
Microsoft Visual Studio Solution File, Format Version 12.00
# Visual Studio Version 17
VisualStudioVersion = 17.14.36121.58 d17.14
MinimumVisualStudioVersion = 10.0.40219.1
Project("{FAE04EC0-301F-11D3-BF4B-00C04F79EFBC}") = "ColourPicker", "ColourPicker.csproj", "{A7F0289A-938C-4E80-B2FC-0846DA0F9874}"
EndProject
Global
	GlobalSection(SolutionConfigurationPlatforms) = preSolution
		Debug|Any CPU = Debug|Any CPU
		Release|Any CPU = Release|Any CPU
	EndGlobalSection
	GlobalSection(ProjectConfigurationPlatforms) = postSolution
		{A7F0289A-938C-4E80-B2FC-0846DA0F9874}.Debug|Any CPU.ActiveCfg = Debug|Any CPU
		{A7F0289A-938C-4E80-B2FC-0846DA0F9874}.Debug|Any CPU.Build.0 = Debug|Any CPU
		{A7F0289A-938C-4E80-B2FC-0846DA0F9874}.Release|Any CPU.ActiveCfg = Release|Any CPU
		{A7F0289A-938C-4E80-B2FC-0846DA0F9874}.Release|Any CPU.Build.0 = Release|Any CPU
	EndGlobalSection
	GlobalSection(SolutionProperties) = preSolution
		HideSolutionNode = FALSE
	EndGlobalSection
	GlobalSection(ExtensibilityGlobals) = postSolution
		SolutionGuid = {A67CA318-CD54-4B2D-B38B-495FFBE4EBF3}
	EndGlobalSection
EndGlobal
